// !$*UTF8*$!
{
	archiveVersion = 1;
	classes = {
	};
	objectVersion = 77;
	objects = {

/* Begin PBXBuildFile section */
		2DA68976A7C8B88334626EBE /* TCCheckView.swift in Sources */ = {isa = PBXBuildFile; fileRef = 214E8BD10443FCFA4F3548D6 /* TCCheckView.swift */; };
		1300AD60291227780D07F1BA /* TCComponents.swift in Sources */ = {isa = PBXBuildFile; fileRef = C21AC3B9F68454210CE450D8 /* TCComponents.swift */; };
		A43B9F74DC9D7047422D4FCD /* TCDiagrams.swift in Sources */ = {isa = PBXBuildFile; fileRef = FF177C3733FFB7E6D38CDEE9 /* TCDiagrams.swift */; };
		8B92D083495B10EEF8BACEBB /* TCEntryGate.swift in Sources */ = {isa = PBXBuildFile; fileRef = E93D74A631E81C6B3823EBB7 /* TCEntryGate.swift */; };
		44865243EFE48BA04CD466D6 /* TCGeometry.swift in Sources */ = {isa = PBXBuildFile; fileRef = 69336C1066061DE3089EDC38 /* TCGeometry.swift */; };
		90EC54E7E500D64DD30543E8 /* TCIcons.swift in Sources */ = {isa = PBXBuildFile; fileRef = 32A43AB568577FF57F80C068 /* TCIcons.swift */; };
		004E60420C498C2FEF9FB090 /* TCItemEditorView.swift in Sources */ = {isa = PBXBuildFile; fileRef = D2726D4CA1FE791538F4003E /* TCItemEditorView.swift */; };
		F4CC685579783C10581BF4F0 /* TCItemsView.swift in Sources */ = {isa = PBXBuildFile; fileRef = 4BF6B1FDD2F28899229E31DB /* TCItemsView.swift */; };
		4779A51874B1EA9D678B17C5 /* TCModels.swift in Sources */ = {isa = PBXBuildFile; fileRef = 7533F906A82DB0DF2907E1B3 /* TCModels.swift */; };
		49E1F121935FA41E77105C23 /* TCObstacleEditorView.swift in Sources */ = {isa = PBXBuildFile; fileRef = 28ECED6033B54522CCDF277E /* TCObstacleEditorView.swift */; };
		9207101BC6329EFA7A682B36 /* TCPresetAddView.swift in Sources */ = {isa = PBXBuildFile; fileRef = 04EF987C691507D4CA5D3771 /* TCPresetAddView.swift */; };
		4B55DEA43C230D52FC7E111D /* TCPresets.swift in Sources */ = {isa = PBXBuildFile; fileRef = 1D2844D089923382B186F80E /* TCPresets.swift */; };
		54F7B3FB022A8F1E02200ED2 /* TCPresetsView.swift in Sources */ = {isa = PBXBuildFile; fileRef = A8A24112A8E6C3CDB247014E /* TCPresetsView.swift */; };
		F38F9688A72B403F13A35C8C /* TCRootView.swift in Sources */ = {isa = PBXBuildFile; fileRef = F76A610A0AF1CBBF64D2F083 /* TCRootView.swift */; };
		C7BFB5BEFD13B31B57EB15F3 /* TCRouteEditorView.swift in Sources */ = {isa = PBXBuildFile; fileRef = AD2BC4E525705B53E513EC5E /* TCRouteEditorView.swift */; };
		8E37E01CC7B3D3AF02ABDF27 /* TCRoutesView.swift in Sources */ = {isa = PBXBuildFile; fileRef = BE4A47972F7188DD7699366B /* TCRoutesView.swift */; };
		0D27DF0467152236BB2FBC23 /* TCSettingsView.swift in Sources */ = {isa = PBXBuildFile; fileRef = 413BC3121A2D2C22A70824E2 /* TCSettingsView.swift */; };
		B6BDCABDF7FBFA05DE8C5CC7 /* TCSplashScreen.swift in Sources */ = {isa = PBXBuildFile; fileRef = 4B3593BF66626737EFF64478 /* TCSplashScreen.swift */; };
		2B34C4F34E018EBFBEE970E2 /* TCStageDetailView.swift in Sources */ = {isa = PBXBuildFile; fileRef = B7C87320838F1466B017F952 /* TCStageDetailView.swift */; };
		BCCCF124BD307B1574C787B4 /* TCStore.swift in Sources */ = {isa = PBXBuildFile; fileRef = A22945F40EC6AA25A28047FE /* TCStore.swift */; };
		5836C88F011FB2F8856A8802 /* TCTheme.swift in Sources */ = {isa = PBXBuildFile; fileRef = 141F9A31A0580FDC338A51D5 /* TCTheme.swift */; };
		3AB03F7F9DE63E3D9C75DAD5 /* TCUnits.swift in Sources */ = {isa = PBXBuildFile; fileRef = FBE0F49F23612FF5DA798C93 /* TCUnits.swift */; };
		606018F667CA1EC9D82F3929 /* TCWebPanel.swift in Sources */ = {isa = PBXBuildFile; fileRef = C202E365E9F0D5A121F7F8B0 /* TCWebPanel.swift */; };
		AB545A65DD6EE8C19CDAE2B7 /* TurnclearApp.swift in Sources */ = {isa = PBXBuildFile; fileRef = CDBD4B9F4FE9692C567F36A9 /* TurnclearApp.swift */; };
		8A2636B00E7CFDD9171E32AC /* Assets.xcassets in Resources */ = {isa = PBXBuildFile; fileRef = 16C90A0A7CF0EEB2B1835756 /* Assets.xcassets */; };
/* End PBXBuildFile section */

/* Begin PBXFileReference section */
		214E8BD10443FCFA4F3548D6 /* TCCheckView.swift */ = {isa = PBXFileReference; lastKnownFileType = sourcecode.swift; path = TCCheckView.swift; sourceTree = "<group>"; };
		C21AC3B9F68454210CE450D8 /* TCComponents.swift */ = {isa = PBXFileReference; lastKnownFileType = sourcecode.swift; path = TCComponents.swift; sourceTree = "<group>"; };
		FF177C3733FFB7E6D38CDEE9 /* TCDiagrams.swift */ = {isa = PBXFileReference; lastKnownFileType = sourcecode.swift; path = TCDiagrams.swift; sourceTree = "<group>"; };
		E93D74A631E81C6B3823EBB7 /* TCEntryGate.swift */ = {isa = PBXFileReference; lastKnownFileType = sourcecode.swift; path = TCEntryGate.swift; sourceTree = "<group>"; };
		69336C1066061DE3089EDC38 /* TCGeometry.swift */ = {isa = PBXFileReference; lastKnownFileType = sourcecode.swift; path = TCGeometry.swift; sourceTree = "<group>"; };
		32A43AB568577FF57F80C068 /* TCIcons.swift */ = {isa = PBXFileReference; lastKnownFileType = sourcecode.swift; path = TCIcons.swift; sourceTree = "<group>"; };
		D2726D4CA1FE791538F4003E /* TCItemEditorView.swift */ = {isa = PBXFileReference; lastKnownFileType = sourcecode.swift; path = TCItemEditorView.swift; sourceTree = "<group>"; };
		4BF6B1FDD2F28899229E31DB /* TCItemsView.swift */ = {isa = PBXFileReference; lastKnownFileType = sourcecode.swift; path = TCItemsView.swift; sourceTree = "<group>"; };
		7533F906A82DB0DF2907E1B3 /* TCModels.swift */ = {isa = PBXFileReference; lastKnownFileType = sourcecode.swift; path = TCModels.swift; sourceTree = "<group>"; };
		28ECED6033B54522CCDF277E /* TCObstacleEditorView.swift */ = {isa = PBXFileReference; lastKnownFileType = sourcecode.swift; path = TCObstacleEditorView.swift; sourceTree = "<group>"; };
		04EF987C691507D4CA5D3771 /* TCPresetAddView.swift */ = {isa = PBXFileReference; lastKnownFileType = sourcecode.swift; path = TCPresetAddView.swift; sourceTree = "<group>"; };
		1D2844D089923382B186F80E /* TCPresets.swift */ = {isa = PBXFileReference; lastKnownFileType = sourcecode.swift; path = TCPresets.swift; sourceTree = "<group>"; };
		A8A24112A8E6C3CDB247014E /* TCPresetsView.swift */ = {isa = PBXFileReference; lastKnownFileType = sourcecode.swift; path = TCPresetsView.swift; sourceTree = "<group>"; };
		F76A610A0AF1CBBF64D2F083 /* TCRootView.swift */ = {isa = PBXFileReference; lastKnownFileType = sourcecode.swift; path = TCRootView.swift; sourceTree = "<group>"; };
		AD2BC4E525705B53E513EC5E /* TCRouteEditorView.swift */ = {isa = PBXFileReference; lastKnownFileType = sourcecode.swift; path = TCRouteEditorView.swift; sourceTree = "<group>"; };
		BE4A47972F7188DD7699366B /* TCRoutesView.swift */ = {isa = PBXFileReference; lastKnownFileType = sourcecode.swift; path = TCRoutesView.swift; sourceTree = "<group>"; };
		413BC3121A2D2C22A70824E2 /* TCSettingsView.swift */ = {isa = PBXFileReference; lastKnownFileType = sourcecode.swift; path = TCSettingsView.swift; sourceTree = "<group>"; };
		4B3593BF66626737EFF64478 /* TCSplashScreen.swift */ = {isa = PBXFileReference; lastKnownFileType = sourcecode.swift; path = TCSplashScreen.swift; sourceTree = "<group>"; };
		B7C87320838F1466B017F952 /* TCStageDetailView.swift */ = {isa = PBXFileReference; lastKnownFileType = sourcecode.swift; path = TCStageDetailView.swift; sourceTree = "<group>"; };
		A22945F40EC6AA25A28047FE /* TCStore.swift */ = {isa = PBXFileReference; lastKnownFileType = sourcecode.swift; path = TCStore.swift; sourceTree = "<group>"; };
		141F9A31A0580FDC338A51D5 /* TCTheme.swift */ = {isa = PBXFileReference; lastKnownFileType = sourcecode.swift; path = TCTheme.swift; sourceTree = "<group>"; };
		FBE0F49F23612FF5DA798C93 /* TCUnits.swift */ = {isa = PBXFileReference; lastKnownFileType = sourcecode.swift; path = TCUnits.swift; sourceTree = "<group>"; };
		C202E365E9F0D5A121F7F8B0 /* TCWebPanel.swift */ = {isa = PBXFileReference; lastKnownFileType = sourcecode.swift; path = TCWebPanel.swift; sourceTree = "<group>"; };
		CDBD4B9F4FE9692C567F36A9 /* TurnclearApp.swift */ = {isa = PBXFileReference; lastKnownFileType = sourcecode.swift; path = TurnclearApp.swift; sourceTree = "<group>"; };
		16C90A0A7CF0EEB2B1835756 /* Assets.xcassets */ = {isa = PBXFileReference; lastKnownFileType = folder.assetcatalog; path = Assets.xcassets; sourceTree = "<group>"; };
		3C496982D65F158944355F2C /* Info.plist */ = {isa = PBXFileReference; lastKnownFileType = text.plist; path = Info.plist; sourceTree = "<group>"; };
		2FF52044B64CA8951619F8DF /* Turnclear.app */ = {isa = PBXFileReference; includeInIndex = 0; lastKnownFileType = wrapper.application; path = "Turnclear.app"; sourceTree = BUILT_PRODUCTS_DIR; };
/* End PBXFileReference section */

/* Begin PBXGroup section */
		4C5CF0C45E1D64010F166443 /* Products */ = {
			isa = PBXGroup;
			children = (
				2FF52044B64CA8951619F8DF /* Turnclear.app */,
			);
			name = Products;
			sourceTree = "<group>";
		};
		21BF3EC5AC548D4703C48D91 = {
			isa = PBXGroup;
			children = (
				F05DD4A21DDDEA65BEC5431C /* Turnclear */,
				4C5CF0C45E1D64010F166443 /* Products */,
			);
			sourceTree = "<group>";
		};
		F05DD4A21DDDEA65BEC5431C /* Turnclear */ = {
			isa = PBXGroup;
			children = (
				16C90A0A7CF0EEB2B1835756 /* Assets.xcassets */,
				3C496982D65F158944355F2C /* Info.plist */,
				214E8BD10443FCFA4F3548D6 /* TCCheckView.swift */,
				C21AC3B9F68454210CE450D8 /* TCComponents.swift */,
				FF177C3733FFB7E6D38CDEE9 /* TCDiagrams.swift */,
				E93D74A631E81C6B3823EBB7 /* TCEntryGate.swift */,
				69336C1066061DE3089EDC38 /* TCGeometry.swift */,
				32A43AB568577FF57F80C068 /* TCIcons.swift */,
				D2726D4CA1FE791538F4003E /* TCItemEditorView.swift */,
				4BF6B1FDD2F28899229E31DB /* TCItemsView.swift */,
				7533F906A82DB0DF2907E1B3 /* TCModels.swift */,
				28ECED6033B54522CCDF277E /* TCObstacleEditorView.swift */,
				04EF987C691507D4CA5D3771 /* TCPresetAddView.swift */,
				1D2844D089923382B186F80E /* TCPresets.swift */,
				A8A24112A8E6C3CDB247014E /* TCPresetsView.swift */,
				F76A610A0AF1CBBF64D2F083 /* TCRootView.swift */,
				AD2BC4E525705B53E513EC5E /* TCRouteEditorView.swift */,
				BE4A47972F7188DD7699366B /* TCRoutesView.swift */,
				413BC3121A2D2C22A70824E2 /* TCSettingsView.swift */,
				4B3593BF66626737EFF64478 /* TCSplashScreen.swift */,
				B7C87320838F1466B017F952 /* TCStageDetailView.swift */,
				A22945F40EC6AA25A28047FE /* TCStore.swift */,
				141F9A31A0580FDC338A51D5 /* TCTheme.swift */,
				FBE0F49F23612FF5DA798C93 /* TCUnits.swift */,
				C202E365E9F0D5A121F7F8B0 /* TCWebPanel.swift */,
				CDBD4B9F4FE9692C567F36A9 /* TurnclearApp.swift */,
			);
			path = Turnclear;
			sourceTree = "<group>";
		};
/* End PBXGroup section */

/* Begin PBXNativeTarget section */
		9FEEA1A88B967D32C99B3A35 /* Turnclear */ = {
			isa = PBXNativeTarget;
			buildConfigurationList = 431874917A05530555DF8943 /* Build configuration list for PBXNativeTarget "Turnclear" */;
			buildPhases = (
				B453AD37CF58150513D687DA /* Sources */,
				4F50AD0D256DCCCD61E83734 /* Resources */,
			);
			buildRules = (
			);
			dependencies = (
			);
			name = "Turnclear";
			packageProductDependencies = (
			);
			productName = "Turnclear";
			productReference = 2FF52044B64CA8951619F8DF /* Turnclear.app */;
			productType = "com.apple.product-type.application";
		};
/* End PBXNativeTarget section */

/* Begin PBXProject section */
		5DF34E8FAF5AD31498C02DA3 /* Project object */ = {
			isa = PBXProject;
			attributes = {
				BuildIndependentTargetsInParallel = YES;
				LastUpgradeCheck = 1430;
				TargetAttributes = {
					9FEEA1A88B967D32C99B3A35 = {
						DevelopmentTeam = "";
						ProvisioningStyle = Manual;
					};
				};
			};
			buildConfigurationList = D169B67CEE9AB6E12E8C47FB /* Build configuration list for PBXProject "Turnclear" */;
			developmentRegion = en;
			hasScannedForEncodings = 0;
			knownRegions = (
				Base,
				en,
			);
			mainGroup = 21BF3EC5AC548D4703C48D91;
			minimizedProjectReferenceProxies = 1;
			preferredProjectObjectVersion = 77;
			productRefGroup = 4C5CF0C45E1D64010F166443 /* Products */;
			projectDirPath = "";
			projectRoot = "";
			targets = (
				9FEEA1A88B967D32C99B3A35 /* Turnclear */,
			);
		};
/* End PBXProject section */

/* Begin PBXResourcesBuildPhase section */
		4F50AD0D256DCCCD61E83734 /* Resources */ = {
			isa = PBXResourcesBuildPhase;
			buildActionMask = 2147483647;
			files = (
				8A2636B00E7CFDD9171E32AC /* Assets.xcassets in Resources */,
			);
			runOnlyForDeploymentPostprocessing = 0;
		};
/* End PBXResourcesBuildPhase section */

/* Begin PBXSourcesBuildPhase section */
		B453AD37CF58150513D687DA /* Sources */ = {
			isa = PBXSourcesBuildPhase;
			buildActionMask = 2147483647;
			files = (
				2DA68976A7C8B88334626EBE /* TCCheckView.swift in Sources */,
				1300AD60291227780D07F1BA /* TCComponents.swift in Sources */,
				A43B9F74DC9D7047422D4FCD /* TCDiagrams.swift in Sources */,
				8B92D083495B10EEF8BACEBB /* TCEntryGate.swift in Sources */,
				44865243EFE48BA04CD466D6 /* TCGeometry.swift in Sources */,
				90EC54E7E500D64DD30543E8 /* TCIcons.swift in Sources */,
				004E60420C498C2FEF9FB090 /* TCItemEditorView.swift in Sources */,
				F4CC685579783C10581BF4F0 /* TCItemsView.swift in Sources */,
				4779A51874B1EA9D678B17C5 /* TCModels.swift in Sources */,
				49E1F121935FA41E77105C23 /* TCObstacleEditorView.swift in Sources */,
				9207101BC6329EFA7A682B36 /* TCPresetAddView.swift in Sources */,
				4B55DEA43C230D52FC7E111D /* TCPresets.swift in Sources */,
				54F7B3FB022A8F1E02200ED2 /* TCPresetsView.swift in Sources */,
				F38F9688A72B403F13A35C8C /* TCRootView.swift in Sources */,
				C7BFB5BEFD13B31B57EB15F3 /* TCRouteEditorView.swift in Sources */,
				8E37E01CC7B3D3AF02ABDF27 /* TCRoutesView.swift in Sources */,
				0D27DF0467152236BB2FBC23 /* TCSettingsView.swift in Sources */,
				B6BDCABDF7FBFA05DE8C5CC7 /* TCSplashScreen.swift in Sources */,
				2B34C4F34E018EBFBEE970E2 /* TCStageDetailView.swift in Sources */,
				BCCCF124BD307B1574C787B4 /* TCStore.swift in Sources */,
				5836C88F011FB2F8856A8802 /* TCTheme.swift in Sources */,
				3AB03F7F9DE63E3D9C75DAD5 /* TCUnits.swift in Sources */,
				606018F667CA1EC9D82F3929 /* TCWebPanel.swift in Sources */,
				AB545A65DD6EE8C19CDAE2B7 /* TurnclearApp.swift in Sources */,
			);
			runOnlyForDeploymentPostprocessing = 0;
		};
/* End PBXSourcesBuildPhase section */

/* Begin XCBuildConfiguration section */
		92B712C368FCE7433FA194F6 /* Debug */ = {
			isa = XCBuildConfiguration;
			buildSettings = {
				ALWAYS_SEARCH_USER_PATHS = NO;
				CLANG_ANALYZER_NONNULL = YES;
				CLANG_ANALYZER_NUMBER_OBJECT_CONVERSION = YES_AGGRESSIVE;
				CLANG_CXX_LANGUAGE_STANDARD = "gnu++14";
				CLANG_CXX_LIBRARY = "libc++";
				CLANG_ENABLE_MODULES = YES;
				CLANG_ENABLE_OBJC_ARC = YES;
				CLANG_ENABLE_OBJC_WEAK = YES;
				CLANG_WARN_BLOCK_CAPTURE_AUTORELEASING = YES;
				CLANG_WARN_BOOL_CONVERSION = YES;
				CLANG_WARN_COMMA = YES;
				CLANG_WARN_CONSTANT_CONVERSION = YES;
				CLANG_WARN_DEPRECATED_OBJC_IMPLEMENTATIONS = YES;
				CLANG_WARN_DIRECT_OBJC_ISA_USAGE = YES_ERROR;
				CLANG_WARN_DOCUMENTATION_COMMENTS = YES;
				CLANG_WARN_EMPTY_BODY = YES;
				CLANG_WARN_ENUM_CONVERSION = YES;
				CLANG_WARN_INFINITE_RECURSION = YES;
				CLANG_WARN_INT_CONVERSION = YES;
				CLANG_WARN_NON_LITERAL_NULL_CONVERSION = YES;
				CLANG_WARN_OBJC_IMPLICIT_RETAIN_SELF = YES;
				CLANG_WARN_OBJC_LITERAL_CONVERSION = YES;
				CLANG_WARN_OBJC_ROOT_CLASS = YES_ERROR;
				CLANG_WARN_QUOTED_INCLUDE_IN_FRAMEWORK_HEADER = YES;
				CLANG_WARN_RANGE_LOOP_ANALYSIS = YES;
				CLANG_WARN_STRICT_PROTOTYPES = YES;
				CLANG_WARN_SUSPICIOUS_MOVE = YES;
				CLANG_WARN_UNGUARDED_AVAILABILITY = YES_AGGRESSIVE;
				CLANG_WARN_UNREACHABLE_CODE = YES;
				CLANG_WARN__DUPLICATE_METHOD_MATCH = YES;
				CODE_SIGN_STYLE = Manual;
				COPY_PHASE_STRIP = NO;
				ENABLE_STRICT_OBJC_MSGSEND = YES;
				GCC_C_LANGUAGE_STANDARD = gnu11;
				GCC_NO_COMMON_BLOCKS = YES;
				GCC_WARN_64_TO_32_BIT_CONVERSION = YES;
				GCC_WARN_ABOUT_RETURN_TYPE = YES_ERROR;
				GCC_WARN_UNDECLARED_SELECTOR = YES;
				GCC_WARN_UNINITIALIZED_AUTOS = YES_AGGRESSIVE;
				GCC_WARN_UNUSED_FUNCTION = YES;
				GCC_WARN_UNUSED_VARIABLE = YES;
				IPHONEOS_DEPLOYMENT_TARGET = 15.6;
				MTL_FAST_MATH = YES;
				PRODUCT_NAME = "$(TARGET_NAME)";
				SDKROOT = iphoneos;
				SUPPORTED_PLATFORMS = "iphoneos iphonesimulator";
				SUPPORTS_MACCATALYST = NO;
				SUPPORTS_MAC_DESIGNED_FOR_IPHONE_IPAD = NO;
				SUPPORTS_XR_DESIGNED_FOR_IPHONE_IPAD = NO;
				SWIFT_VERSION = 5.0;
				TARGETED_DEVICE_FAMILY = 1;
				DEBUG_INFORMATION_FORMAT = dwarf;
				ENABLE_TESTABILITY = YES;
				GCC_DYNAMIC_NO_PIC = NO;
				GCC_OPTIMIZATION_LEVEL = 0;
				GCC_PREPROCESSOR_DEFINITIONS = (
					"$(inherited)",
					"DEBUG=1",
				);
				MTL_ENABLE_DEBUG_INFO = INCLUDE_SOURCE;
				ONLY_ACTIVE_ARCH = YES;
				SWIFT_ACTIVE_COMPILATION_CONDITIONS = DEBUG;
				SWIFT_OPTIMIZATION_LEVEL = "-Onone";
			};
			name = Debug;
		};
		86DFBE7B0B51FADBA9B7DF14 /* Release */ = {
			isa = XCBuildConfiguration;
			buildSettings = {
				ALWAYS_SEARCH_USER_PATHS = NO;
				CLANG_ANALYZER_NONNULL = YES;
				CLANG_ANALYZER_NUMBER_OBJECT_CONVERSION = YES_AGGRESSIVE;
				CLANG_CXX_LANGUAGE_STANDARD = "gnu++14";
				CLANG_CXX_LIBRARY = "libc++";
				CLANG_ENABLE_MODULES = YES;
				CLANG_ENABLE_OBJC_ARC = YES;
				CLANG_ENABLE_OBJC_WEAK = YES;
				CLANG_WARN_BLOCK_CAPTURE_AUTORELEASING = YES;
				CLANG_WARN_BOOL_CONVERSION = YES;
				CLANG_WARN_COMMA = YES;
				CLANG_WARN_CONSTANT_CONVERSION = YES;
				CLANG_WARN_DEPRECATED_OBJC_IMPLEMENTATIONS = YES;
				CLANG_WARN_DIRECT_OBJC_ISA_USAGE = YES_ERROR;
				CLANG_WARN_DOCUMENTATION_COMMENTS = YES;
				CLANG_WARN_EMPTY_BODY = YES;
				CLANG_WARN_ENUM_CONVERSION = YES;
				CLANG_WARN_INFINITE_RECURSION = YES;
				CLANG_WARN_INT_CONVERSION = YES;
				CLANG_WARN_NON_LITERAL_NULL_CONVERSION = YES;
				CLANG_WARN_OBJC_IMPLICIT_RETAIN_SELF = YES;
				CLANG_WARN_OBJC_LITERAL_CONVERSION = YES;
				CLANG_WARN_OBJC_ROOT_CLASS = YES_ERROR;
				CLANG_WARN_QUOTED_INCLUDE_IN_FRAMEWORK_HEADER = YES;
				CLANG_WARN_RANGE_LOOP_ANALYSIS = YES;
				CLANG_WARN_STRICT_PROTOTYPES = YES;
				CLANG_WARN_SUSPICIOUS_MOVE = YES;
				CLANG_WARN_UNGUARDED_AVAILABILITY = YES_AGGRESSIVE;
				CLANG_WARN_UNREACHABLE_CODE = YES;
				CLANG_WARN__DUPLICATE_METHOD_MATCH = YES;
				CODE_SIGN_STYLE = Manual;
				COPY_PHASE_STRIP = NO;
				ENABLE_STRICT_OBJC_MSGSEND = YES;
				GCC_C_LANGUAGE_STANDARD = gnu11;
				GCC_NO_COMMON_BLOCKS = YES;
				GCC_WARN_64_TO_32_BIT_CONVERSION = YES;
				GCC_WARN_ABOUT_RETURN_TYPE = YES_ERROR;
				GCC_WARN_UNDECLARED_SELECTOR = YES;
				GCC_WARN_UNINITIALIZED_AUTOS = YES_AGGRESSIVE;
				GCC_WARN_UNUSED_FUNCTION = YES;
				GCC_WARN_UNUSED_VARIABLE = YES;
				IPHONEOS_DEPLOYMENT_TARGET = 15.6;
				MTL_FAST_MATH = YES;
				PRODUCT_NAME = "$(TARGET_NAME)";
				SDKROOT = iphoneos;
				SUPPORTED_PLATFORMS = "iphoneos iphonesimulator";
				SUPPORTS_MACCATALYST = NO;
				SUPPORTS_MAC_DESIGNED_FOR_IPHONE_IPAD = NO;
				SUPPORTS_XR_DESIGNED_FOR_IPHONE_IPAD = NO;
				SWIFT_VERSION = 5.0;
				TARGETED_DEVICE_FAMILY = 1;
				DEBUG_INFORMATION_FORMAT = "dwarf-with-dsym";
				ENABLE_NS_ASSERTIONS = NO;
				MTL_ENABLE_DEBUG_INFO = NO;
				SWIFT_COMPILATION_MODE = wholemodule;
				SWIFT_OPTIMIZATION_LEVEL = "-O";
			};
			name = Release;
		};
		1E95EE514D558ECDEABA781B /* Debug */ = {
			isa = XCBuildConfiguration;
			buildSettings = {
				ASSETCATALOG_COMPILER_APPICON_NAME = AppIcon;
				CODE_SIGN_STYLE = Manual;
				GENERATE_INFOPLIST_FILE = NO;
				INFOPLIST_FILE = Turnclear/Info.plist;
				IPHONEOS_DEPLOYMENT_TARGET = 15.6;
				LD_RUNPATH_SEARCH_PATHS = (
					"$(inherited)",
					"@executable_path/Frameworks",
				);
				PRODUCT_BUNDLE_IDENTIFIER = com.stormvestergaard.turnclear;
				PRODUCT_NAME = "$(TARGET_NAME)";
				SDKROOT = iphoneos;
				SUPPORTED_PLATFORMS = "iphoneos iphonesimulator";
				SUPPORTS_MACCATALYST = NO;
				SUPPORTS_MAC_DESIGNED_FOR_IPHONE_IPAD = NO;
				SUPPORTS_XR_DESIGNED_FOR_IPHONE_IPAD = NO;
				SWIFT_VERSION = 5.0;
				TARGETED_DEVICE_FAMILY = 1;
			};
			name = Debug;
		};
		D3C3C33CE2AECE2E963FCEA2 /* Release */ = {
			isa = XCBuildConfiguration;
			buildSettings = {
				ASSETCATALOG_COMPILER_APPICON_NAME = AppIcon;
				CODE_SIGN_STYLE = Manual;
				GENERATE_INFOPLIST_FILE = NO;
				INFOPLIST_FILE = Turnclear/Info.plist;
				IPHONEOS_DEPLOYMENT_TARGET = 15.6;
				LD_RUNPATH_SEARCH_PATHS = (
					"$(inherited)",
					"@executable_path/Frameworks",
				);
				PRODUCT_BUNDLE_IDENTIFIER = com.stormvestergaard.turnclear;
				PRODUCT_NAME = "$(TARGET_NAME)";
				SDKROOT = iphoneos;
				SUPPORTED_PLATFORMS = "iphoneos iphonesimulator";
				SUPPORTS_MACCATALYST = NO;
				SUPPORTS_MAC_DESIGNED_FOR_IPHONE_IPAD = NO;
				SUPPORTS_XR_DESIGNED_FOR_IPHONE_IPAD = NO;
				SWIFT_VERSION = 5.0;
				TARGETED_DEVICE_FAMILY = 1;
			};
			name = Release;
		};
/* End XCBuildConfiguration section */

/* Begin XCConfigurationList section */
		431874917A05530555DF8943 /* Build configuration list for PBXNativeTarget "Turnclear" */ = {
			isa = XCConfigurationList;
			buildConfigurations = (
				1E95EE514D558ECDEABA781B /* Debug */,
				D3C3C33CE2AECE2E963FCEA2 /* Release */,
			);
			defaultConfigurationIsVisible = 0;
			defaultConfigurationName = Debug;
		};
		D169B67CEE9AB6E12E8C47FB /* Build configuration list for PBXProject "Turnclear" */ = {
			isa = XCConfigurationList;
			buildConfigurations = (
				92B712C368FCE7433FA194F6 /* Debug */,
				86DFBE7B0B51FADBA9B7DF14 /* Release */,
			);
			defaultConfigurationIsVisible = 0;
			defaultConfigurationName = Debug;
		};
/* End XCConfigurationList section */
	};
	rootObject = 5DF34E8FAF5AD31498C02DA3 /* Project object */;
}
